
Microsoft Visual Studio Solution File, Format Version 12.00
# Visual Studio Version 16
VisualStudioVersion = 16.0.29519.181
MinimumVisualStudioVersion = 10.0.40219.1
Project("{FAE04EC0-301F-11D3-BF4B-00C04F79EFBC}") = "CGLab3", "CGLab3\CGLab3.csproj", "{C8F1FB54-9BC4-4530-9FB7-7825C5159940}"
EndProject
Global
	GlobalSection(SolutionConfigurationPlatforms) = preSolution
		Debug|Any CPU = Debug|Any CPU
		Release|Any CPU = Release|Any CPU
	EndGlobalSection
	GlobalSection(ProjectConfigurationPlatforms) = postSolution
		{C8F1FB54-9BC4-4530-9FB7-7825C5159940}.Debug|Any CPU.ActiveCfg = Debug|Any CPU
		{C8F1FB54-9BC4-4530-9FB7-7825C5159940}.Debug|Any CPU.Build.0 = Debug|Any CPU
		{C8F1FB54-9BC4-4530-9FB7-7825C5159940}.Release|Any CPU.ActiveCfg = Release|Any CPU
		{C8F1FB54-9BC4-4530-9FB7-7825C5159940}.Release|Any CPU.Build.0 = Release|Any CPU
	EndGlobalSection
	GlobalSection(SolutionProperties) = preSolution
		HideSolutionNode = FALSE
	EndGlobalSection
	GlobalSection(ExtensibilityGlobals) = postSolution
		SolutionGuid = {0ECED024-7E8F-4BD2-B8FB-3808462F39D4}
	EndGlobalSection
EndGlobal
